
Microsoft Visual Studio Solution File, Format Version 12.00
# Visual Studio Version 17
VisualStudioVersion = 17.5.33424.131
MinimumVisualStudioVersion = 10.0.40219.1
Project("{FAE04EC0-301F-11D3-BF4B-00C04F79EFBC}") = "assignment5", "assignment5\assignment5.csproj", "{CED00AEA-7376-4BD7-9B72-F0895BB7F6C7}"
EndProject
Global
	GlobalSection(SolutionConfigurationPlatforms) = preSolution
		Debug|Any CPU = Debug|Any CPU
		Release|Any CPU = Release|Any CPU
	EndGlobalSection
	GlobalSection(ProjectConfigurationPlatforms) = postSolution
		{CED00AEA-7376-4BD7-9B72-F0895BB7F6C7}.Debug|Any CPU.ActiveCfg = Debug|Any CPU
		{CED00AEA-7376-4BD7-9B72-F0895BB7F6C7}.Debug|Any CPU.Build.0 = Debug|Any CPU
		{CED00AEA-7376-4BD7-9B72-F0895BB7F6C7}.Release|Any CPU.ActiveCfg = Release|Any CPU
		{CED00AEA-7376-4BD7-9B72-F0895BB7F6C7}.Release|Any CPU.Build.0 = Release|Any CPU
	EndGlobalSection
	GlobalSection(SolutionProperties) = preSolution
		HideSolutionNode = FALSE
	EndGlobalSection
	GlobalSection(ExtensibilityGlobals) = postSolution
		SolutionGuid = {0D92C00D-BA3E-4818-A9C6-45CC7DC66392}
	EndGlobalSection
EndGlobal
