
Microsoft Visual Studio Solution File, Format Version 12.00
# Visual Studio Version 17
VisualStudioVersion = 17.5.33424.131
MinimumVisualStudioVersion = 10.0.40219.1
Project("{FAE04EC0-301F-11D3-BF4B-00C04F79EFBC}") = "Assignment1", "Assignment1\Assignment1.csproj", "{5F38E238-DD23-4649-9A56-68FE71813ADD}"
EndProject
Global
	GlobalSection(SolutionConfigurationPlatforms) = preSolution
		Debug|Any CPU = Debug|Any CPU
		Release|Any CPU = Release|Any CPU
	EndGlobalSection
	GlobalSection(ProjectConfigurationPlatforms) = postSolution
		{5F38E238-DD23-4649-9A56-68FE71813ADD}.Debug|Any CPU.ActiveCfg = Debug|Any CPU
		{5F38E238-DD23-4649-9A56-68FE71813ADD}.Debug|Any CPU.Build.0 = Debug|Any CPU
		{5F38E238-DD23-4649-9A56-68FE71813ADD}.Release|Any CPU.ActiveCfg = Release|Any CPU
		{5F38E238-DD23-4649-9A56-68FE71813ADD}.Release|Any CPU.Build.0 = Release|Any CPU
	EndGlobalSection
	GlobalSection(SolutionProperties) = preSolution
		HideSolutionNode = FALSE
	EndGlobalSection
	GlobalSection(ExtensibilityGlobals) = postSolution
		SolutionGuid = {F6273117-03DB-4B94-B3F5-407F9BAAE93C}
	EndGlobalSection
EndGlobal
